// !$*UTF8*$!
{
	archiveVersion = 1;
	classes = {
	};
	objectVersion = 56;
	objects = {

/* Begin PBXBuildFile section */
		73064F292945DC4300CF6F2A /* RepositoryImpl.swift in Sources */ = {isa = PBXBuildFile; fileRef = 73064F282945DC4300CF6F2A /* RepositoryImpl.swift */; };
		73064F2C2945DF7900CF6F2A /* UseCase.swift in Sources */ = {isa = PBXBuildFile; fileRef = 73064F2B2945DF7900CF6F2A /* UseCase.swift */; };
		731FB0FF294749BD00B12815 /* LoginViewModel.swift in Sources */ = {isa = PBXBuildFile; fileRef = 731FB0FE294749BD00B12815 /* LoginViewModel.swift */; };
		731FB10129474A1700B12815 /* Observable.swift in Sources */ = {isa = PBXBuildFile; fileRef = 731FB10029474A1700B12815 /* Observable.swift */; };
		7354C926294AEA7F00A835D0 /* Repository.swift in Sources */ = {isa = PBXBuildFile; fileRef = 7354C925294AEA7F00A835D0 /* Repository.swift */; };
		7354C928294AEFD400A835D0 /* UnsplashRepository.swift in Sources */ = {isa = PBXBuildFile; fileRef = 7354C927294AEFD400A835D0 /* UnsplashRepository.swift */; };
		7354C92A294AF48A00A835D0 /* UnsplashUseCase.swift in Sources */ = {isa = PBXBuildFile; fileRef = 7354C929294AF48A00A835D0 /* UnsplashUseCase.swift */; };
		7354C92F294B12B300A835D0 /* HomeViewModel.swift in Sources */ = {isa = PBXBuildFile; fileRef = 7354C92E294B12B300A835D0 /* HomeViewModel.swift */; };
		7354C934294D74D000A835D0 /* ImageCacheManager.swift in Sources */ = {isa = PBXBuildFile; fileRef = 7354C933294D74D000A835D0 /* ImageCacheManager.swift */; };
		735607AB295014140006E702 /* ImageCacheManagerProtocol.swift in Sources */ = {isa = PBXBuildFile; fileRef = 735607AA295014140006E702 /* ImageCacheManagerProtocol.swift */; };
		735607AD295092F40006E702 /* SearchBarView.swift in Sources */ = {isa = PBXBuildFile; fileRef = 735607AC295092F40006E702 /* SearchBarView.swift */; };
		735607AF2952B4A90006E702 /* Navigator.swift in Sources */ = {isa = PBXBuildFile; fileRef = 735607AE2952B4A90006E702 /* Navigator.swift */; };
		735607B12952B51F0006E702 /* SearchResultCoordinator.swift in Sources */ = {isa = PBXBuildFile; fileRef = 735607B02952B51F0006E702 /* SearchResultCoordinator.swift */; };
		735607B42952B5E00006E702 /* SearchResultViewController.swift in Sources */ = {isa = PBXBuildFile; fileRef = 735607B32952B5E00006E702 /* SearchResultViewController.swift */; };
		738A6890294308F600B9FD0E /* LoginViewController.swift in Sources */ = {isa = PBXBuildFile; fileRef = 738A688F294308F600B9FD0E /* LoginViewController.swift */; };
		738A68942943096200B9FD0E /* AppCoordinator.swift in Sources */ = {isa = PBXBuildFile; fileRef = 738A68932943096200B9FD0E /* AppCoordinator.swift */; };
		738A689629430CD000B9FD0E /* UIView + Extension.swift in Sources */ = {isa = PBXBuildFile; fileRef = 738A689529430CD000B9FD0E /* UIView + Extension.swift */; };
		738A689929430DD700B9FD0E /* UIColor + Extension.swift in Sources */ = {isa = PBXBuildFile; fileRef = 738A689829430DD700B9FD0E /* UIColor + Extension.swift */; };
		738A689E2943189C00B9FD0E /* SnapKit in Frameworks */ = {isa = PBXBuildFile; productRef = 738A689D2943189C00B9FD0E /* SnapKit */; };
		738A68A0294320AC00B9FD0E /* BaseCoordinator.swift in Sources */ = {isa = PBXBuildFile; fileRef = 738A689F294320AC00B9FD0E /* BaseCoordinator.swift */; };
		738A68A22943213D00B9FD0E /* LoginCoordinator.swift in Sources */ = {isa = PBXBuildFile; fileRef = 738A68A12943213D00B9FD0E /* LoginCoordinator.swift */; };
		738A68A42943233C00B9FD0E /* HomeCoordinator.swift in Sources */ = {isa = PBXBuildFile; fileRef = 738A68A32943233C00B9FD0E /* HomeCoordinator.swift */; };
		738A68AA2945DB0B00B9FD0E /* Storage.swift in Sources */ = {isa = PBXBuildFile; fileRef = 738A68A92945DB0B00B9FD0E /* Storage.swift */; };
		738A68AC2945DB2100B9FD0E /* Service.swift in Sources */ = {isa = PBXBuildFile; fileRef = 738A68AB2945DB2100B9FD0E /* Service.swift */; };
		73A2B78E2942352C00C482E8 /* AppDelegate.swift in Sources */ = {isa = PBXBuildFile; fileRef = 73A2B78D2942352C00C482E8 /* AppDelegate.swift */; };
		73A2B7902942352C00C482E8 /* SceneDelegate.swift in Sources */ = {isa = PBXBuildFile; fileRef = 73A2B78F2942352C00C482E8 /* SceneDelegate.swift */; };
		73A2B7922942352C00C482E8 /* HomeViewController.swift in Sources */ = {isa = PBXBuildFile; fileRef = 73A2B7912942352C00C482E8 /* HomeViewController.swift */; };
		73A2B79A2942352E00C482E8 /* LaunchScreen.storyboard in Resources */ = {isa = PBXBuildFile; fileRef = 73A2B7982942352E00C482E8 /* LaunchScreen.storyboard */; };
		73A2B7AE294236A000C482E8 /* KakaoSDK in Frameworks */ = {isa = PBXBuildFile; productRef = 73A2B7AD294236A000C482E8 /* KakaoSDK */; };
		73A2B7B029423FC300C482E8 /* Assets.xcassets in Resources */ = {isa = PBXBuildFile; fileRef = 73A2B7AF29423FC300C482E8 /* Assets.xcassets */; };
		73AE032729484D7F003BEB87 /* Account.swift in Sources */ = {isa = PBXBuildFile; fileRef = 73AE032629484D7F003BEB87 /* Account.swift */; };
		73AE032929484E07003BEB87 /* KeyChainError.swift in Sources */ = {isa = PBXBuildFile; fileRef = 73AE032829484E07003BEB87 /* KeyChainError.swift */; };
		73AE032C294851BF003BEB87 /* UnsplashPhotoPicker in Frameworks */ = {isa = PBXBuildFile; productRef = 73AE032B294851BF003BEB87 /* UnsplashPhotoPicker */; };
		73AE032F294855FE003BEB87 /* HTTPMethod.swift in Sources */ = {isa = PBXBuildFile; fileRef = 73AE032E294855FE003BEB87 /* HTTPMethod.swift */; };
		73AE033129485628003BEB87 /* EndPoint.swift in Sources */ = {isa = PBXBuildFile; fileRef = 73AE033029485628003BEB87 /* EndPoint.swift */; };
		73AE03332948568D003BEB87 /* NetworkError.swift in Sources */ = {isa = PBXBuildFile; fileRef = 73AE03322948568D003BEB87 /* NetworkError.swift */; };
		73AE033529485ECA003BEB87 /* PhotoCell.swift in Sources */ = {isa = PBXBuildFile; fileRef = 73AE033429485ECA003BEB87 /* PhotoCell.swift */; };
		73AE033729486491003BEB87 /* HomeCollectionViewDataSource.swift in Sources */ = {isa = PBXBuildFile; fileRef = 73AE033629486491003BEB87 /* HomeCollectionViewDataSource.swift */; };
		73AE033A2948669D003BEB87 /* Photo.swift in Sources */ = {isa = PBXBuildFile; fileRef = 73AE03392948669D003BEB87 /* Photo.swift */; };
		73AE033D294866CF003BEB87 /* Photos.swift in Sources */ = {isa = PBXBuildFile; fileRef = 73AE033C294866CF003BEB87 /* Photos.swift */; };
		73AE033F294976D1003BEB87 /* NetworkTarget.swift in Sources */ = {isa = PBXBuildFile; fileRef = 73AE033E294976D0003BEB87 /* NetworkTarget.swift */; };
		73AE03472949A181003BEB87 /* URLSessionProtocol.swift in Sources */ = {isa = PBXBuildFile; fileRef = 73AE03462949A181003BEB87 /* URLSessionProtocol.swift */; };
		73AE034B2949E1D0003BEB87 /* UnsplashRepositoryImpl.swift in Sources */ = {isa = PBXBuildFile; fileRef = 73AE034A2949E1D0003BEB87 /* UnsplashRepositoryImpl.swift */; };
/* End PBXBuildFile section */

/* Begin PBXFileReference section */
		73064F282945DC4300CF6F2A /* RepositoryImpl.swift */ = {isa = PBXFileReference; lastKnownFileType = sourcecode.swift; path = RepositoryImpl.swift; sourceTree = "<group>"; };
		73064F2B2945DF7900CF6F2A /* UseCase.swift */ = {isa = PBXFileReference; lastKnownFileType = sourcecode.swift; path = UseCase.swift; sourceTree = "<group>"; };
		731FB0FE294749BD00B12815 /* LoginViewModel.swift */ = {isa = PBXFileReference; lastKnownFileType = sourcecode.swift; path = LoginViewModel.swift; sourceTree = "<group>"; };
		731FB10029474A1700B12815 /* Observable.swift */ = {isa = PBXFileReference; lastKnownFileType = sourcecode.swift; path = Observable.swift; sourceTree = "<group>"; };
		7354C925294AEA7F00A835D0 /* Repository.swift */ = {isa = PBXFileReference; lastKnownFileType = sourcecode.swift; path = Repository.swift; sourceTree = "<group>"; };
		7354C927294AEFD400A835D0 /* UnsplashRepository.swift */ = {isa = PBXFileReference; lastKnownFileType = sourcecode.swift; path = UnsplashRepository.swift; sourceTree = "<group>"; };
		7354C929294AF48A00A835D0 /* UnsplashUseCase.swift */ = {isa = PBXFileReference; lastKnownFileType = sourcecode.swift; path = UnsplashUseCase.swift; sourceTree = "<group>"; };
		7354C92E294B12B300A835D0 /* HomeViewModel.swift */ = {isa = PBXFileReference; fileEncoding = 4; lastKnownFileType = sourcecode.swift; path = HomeViewModel.swift; sourceTree = "<group>"; };
		7354C933294D74D000A835D0 /* ImageCacheManager.swift */ = {isa = PBXFileReference; lastKnownFileType = sourcecode.swift; path = ImageCacheManager.swift; sourceTree = "<group>"; };
		735607AA295014140006E702 /* ImageCacheManagerProtocol.swift */ = {isa = PBXFileReference; lastKnownFileType = sourcecode.swift; path = ImageCacheManagerProtocol.swift; sourceTree = "<group>"; };
		735607AC295092F40006E702 /* SearchBarView.swift */ = {isa = PBXFileReference; lastKnownFileType = sourcecode.swift; path = SearchBarView.swift; sourceTree = "<group>"; };
		735607AE2952B4A90006E702 /* Navigator.swift */ = {isa = PBXFileReference; lastKnownFileType = sourcecode.swift; path = Navigator.swift; sourceTree = "<group>"; };
		735607B02952B51F0006E702 /* SearchResultCoordinator.swift */ = {isa = PBXFileReference; lastKnownFileType = sourcecode.swift; path = SearchResultCoordinator.swift; sourceTree = "<group>"; };
		735607B32952B5E00006E702 /* SearchResultViewController.swift */ = {isa = PBXFileReference; lastKnownFileType = sourcecode.swift; path = SearchResultViewController.swift; sourceTree = "<group>"; };
		738A688F294308F600B9FD0E /* LoginViewController.swift */ = {isa = PBXFileReference; lastKnownFileType = sourcecode.swift; path = LoginViewController.swift; sourceTree = "<group>"; };
		738A68932943096200B9FD0E /* AppCoordinator.swift */ = {isa = PBXFileReference; lastKnownFileType = sourcecode.swift; path = AppCoordinator.swift; sourceTree = "<group>"; };
		738A689529430CD000B9FD0E /* UIView + Extension.swift */ = {isa = PBXFileReference; lastKnownFileType = sourcecode.swift; path = "UIView + Extension.swift"; sourceTree = "<group>"; };
		738A689829430DD700B9FD0E /* UIColor + Extension.swift */ = {isa = PBXFileReference; lastKnownFileType = sourcecode.swift; path = "UIColor + Extension.swift"; sourceTree = "<group>"; };
		738A689F294320AC00B9FD0E /* BaseCoordinator.swift */ = {isa = PBXFileReference; lastKnownFileType = sourcecode.swift; path = BaseCoordinator.swift; sourceTree = "<group>"; };
		738A68A12943213D00B9FD0E /* LoginCoordinator.swift */ = {isa = PBXFileReference; lastKnownFileType = sourcecode.swift; path = LoginCoordinator.swift; sourceTree = "<group>"; };
		738A68A32943233C00B9FD0E /* HomeCoordinator.swift */ = {isa = PBXFileReference; lastKnownFileType = sourcecode.swift; path = HomeCoordinator.swift; sourceTree = "<group>"; };
		738A68A92945DB0B00B9FD0E /* Storage.swift */ = {isa = PBXFileReference; lastKnownFileType = sourcecode.swift; path = Storage.swift; sourceTree = "<group>"; };
		738A68AB2945DB2100B9FD0E /* Service.swift */ = {isa = PBXFileReference; lastKnownFileType = sourcecode.swift; path = Service.swift; sourceTree = "<group>"; };
		73A2B78A2942352C00C482E8 /* myUnsplash.app */ = {isa = PBXFileReference; explicitFileType = wrapper.application; includeInIndex = 0; path = myUnsplash.app; sourceTree = BUILT_PRODUCTS_DIR; };
		73A2B78D2942352C00C482E8 /* AppDelegate.swift */ = {isa = PBXFileReference; lastKnownFileType = sourcecode.swift; path = AppDelegate.swift; sourceTree = "<group>"; };
		73A2B78F2942352C00C482E8 /* SceneDelegate.swift */ = {isa = PBXFileReference; lastKnownFileType = sourcecode.swift; path = SceneDelegate.swift; sourceTree = "<group>"; };
		73A2B7912942352C00C482E8 /* HomeViewController.swift */ = {isa = PBXFileReference; lastKnownFileType = sourcecode.swift; path = HomeViewController.swift; sourceTree = "<group>"; };
		73A2B7992942352E00C482E8 /* Base */ = {isa = PBXFileReference; lastKnownFileType = file.storyboard; name = Base; path = Base.lproj/LaunchScreen.storyboard; sourceTree = "<group>"; };
		73A2B79B2942352E00C482E8 /* Info.plist */ = {isa = PBXFileReference; lastKnownFileType = text.plist.xml; path = Info.plist; sourceTree = "<group>"; };
		73A2B7AF29423FC300C482E8 /* Assets.xcassets */ = {isa = PBXFileReference; lastKnownFileType = folder.assetcatalog; path = Assets.xcassets; sourceTree = "<group>"; };
		73AE032629484D7F003BEB87 /* Account.swift */ = {isa = PBXFileReference; lastKnownFileType = sourcecode.swift; path = Account.swift; sourceTree = "<group>"; };
		73AE032829484E07003BEB87 /* KeyChainError.swift */ = {isa = PBXFileReference; lastKnownFileType = sourcecode.swift; path = KeyChainError.swift; sourceTree = "<group>"; };
		73AE032E294855FE003BEB87 /* HTTPMethod.swift */ = {isa = PBXFileReference; lastKnownFileType = sourcecode.swift; path = HTTPMethod.swift; sourceTree = "<group>"; };
		73AE033029485628003BEB87 /* EndPoint.swift */ = {isa = PBXFileReference; lastKnownFileType = sourcecode.swift; path = EndPoint.swift; sourceTree = "<group>"; };
		73AE03322948568D003BEB87 /* NetworkError.swift */ = {isa = PBXFileReference; lastKnownFileType = sourcecode.swift; path = NetworkError.swift; sourceTree = "<group>"; };
		73AE033429485ECA003BEB87 /* PhotoCell.swift */ = {isa = PBXFileReference; lastKnownFileType = sourcecode.swift; path = PhotoCell.swift; sourceTree = "<group>"; };
		73AE033629486491003BEB87 /* HomeCollectionViewDataSource.swift */ = {isa = PBXFileReference; lastKnownFileType = sourcecode.swift; path = HomeCollectionViewDataSource.swift; sourceTree = "<group>"; };
		73AE03392948669D003BEB87 /* Photo.swift */ = {isa = PBXFileReference; lastKnownFileType = sourcecode.swift; path = Photo.swift; sourceTree = "<group>"; };
		73AE033C294866CF003BEB87 /* Photos.swift */ = {isa = PBXFileReference; lastKnownFileType = sourcecode.swift; path = Photos.swift; sourceTree = "<group>"; };
		73AE033E294976D0003BEB87 /* NetworkTarget.swift */ = {isa = PBXFileReference; lastKnownFileType = sourcecode.swift; path = NetworkTarget.swift; sourceTree = "<group>"; };
		73AE03462949A181003BEB87 /* URLSessionProtocol.swift */ = {isa = PBXFileReference; lastKnownFileType = sourcecode.swift; path = URLSessionProtocol.swift; sourceTree = "<group>"; };
		73AE034A2949E1D0003BEB87 /* UnsplashRepositoryImpl.swift */ = {isa = PBXFileReference; lastKnownFileType = sourcecode.swift; path = UnsplashRepositoryImpl.swift; sourceTree = "<group>"; };
/* End PBXFileReference section */

/* Begin PBXFrameworksBuildPhase section */
		73A2B7872942352C00C482E8 /* Frameworks */ = {
			isa = PBXFrameworksBuildPhase;
			buildActionMask = 2147483647;
			files = (
				73AE032C294851BF003BEB87 /* UnsplashPhotoPicker in Frameworks */,
				73A2B7AE294236A000C482E8 /* KakaoSDK in Frameworks */,
				738A689E2943189C00B9FD0E /* SnapKit in Frameworks */,
			);
			runOnlyForDeploymentPostprocessing = 0;
		};
/* End PBXFrameworksBuildPhase section */

/* Begin PBXGroup section */
		73064F2A2945DF6300CF6F2A /* Domain */ = {
			isa = PBXGroup;
			children = (
				73AE03382948668A003BEB87 /* Entities */,
				73064F2B2945DF7900CF6F2A /* UseCase.swift */,
				7354C929294AF48A00A835D0 /* UnsplashUseCase.swift */,
			);
			path = Domain;
			sourceTree = "<group>";
		};
		7354C92D294AFC9F00A835D0 /* View */ = {
			isa = PBXGroup;
			children = (
				73A2B7912942352C00C482E8 /* HomeViewController.swift */,
				73AE033429485ECA003BEB87 /* PhotoCell.swift */,
			);
			path = View;
			sourceTree = "<group>";
		};
		7354C930294D74A300A835D0 /* Unsplash */ = {
			isa = PBXGroup;
			children = (
				73AE034A2949E1D0003BEB87 /* UnsplashRepositoryImpl.swift */,
				7354C927294AEFD400A835D0 /* UnsplashRepository.swift */,
			);
			path = Unsplash;
			sourceTree = "<group>";
		};
		7354C931294D74B600A835D0 /* Image */ = {
			isa = PBXGroup;
			children = (
				7354C933294D74D000A835D0 /* ImageCacheManager.swift */,
				735607AA295014140006E702 /* ImageCacheManagerProtocol.swift */,
			);
			path = Image;
			sourceTree = "<group>";
		};
		735607A7294FFFA90006E702 /* Error */ = {
			isa = PBXGroup;
			children = (
				73AE032829484E07003BEB87 /* KeyChainError.swift */,
				73AE03322948568D003BEB87 /* NetworkError.swift */,
			);
			path = Error;
			sourceTree = "<group>";
		};
		735607B22952B5CA0006E702 /* SearchResult */ = {
			isa = PBXGroup;
			children = (
				735607B32952B5E00006E702 /* SearchResultViewController.swift */,
			);
			path = SearchResult;
			sourceTree = "<group>";
		};
		738A688B294308B400B9FD0E /* Application */ = {
			isa = PBXGroup;
			children = (
				738A688C294308BC00B9FD0E /* Coordinator */,
				73A2B78F2942352C00C482E8 /* SceneDelegate.swift */,
				73A2B78D2942352C00C482E8 /* AppDelegate.swift */,
			);
			path = Application;
			sourceTree = "<group>";
		};
		738A688C294308BC00B9FD0E /* Coordinator */ = {
			isa = PBXGroup;
			children = (
				738A689F294320AC00B9FD0E /* BaseCoordinator.swift */,
				738A68932943096200B9FD0E /* AppCoordinator.swift */,
				738A68A12943213D00B9FD0E /* LoginCoordinator.swift */,
				738A68A32943233C00B9FD0E /* HomeCoordinator.swift */,
				735607B02952B51F0006E702 /* SearchResultCoordinator.swift */,
				735607AE2952B4A90006E702 /* Navigator.swift */,
			);
			path = Coordinator;
			sourceTree = "<group>";
		};
		738A688D294308C900B9FD0E /* Login */ = {
			isa = PBXGroup;
			children = (
				738A688F294308F600B9FD0E /* LoginViewController.swift */,
				731FB0FE294749BD00B12815 /* LoginViewModel.swift */,
			);
			path = Login;
			sourceTree = "<group>";
		};
		738A688E294308D400B9FD0E /* Home */ = {
			isa = PBXGroup;
			children = (
				73AE033629486491003BEB87 /* HomeCollectionViewDataSource.swift */,
				7354C92E294B12B300A835D0 /* HomeViewModel.swift */,
				7354C92D294AFC9F00A835D0 /* View */,
			);
			path = Home;
			sourceTree = "<group>";
		};
		738A68912943092900B9FD0E /* Resources */ = {
			isa = PBXGroup;
			children = (
				73A2B7AF29423FC300C482E8 /* Assets.xcassets */,
				73A2B79B2942352E00C482E8 /* Info.plist */,
				73A2B7982942352E00C482E8 /* LaunchScreen.storyboard */,
			);
			path = Resources;
			sourceTree = "<group>";
		};
		738A68922943094400B9FD0E /* Presentation */ = {
			isa = PBXGroup;
			children = (
				73AE032529484D66003BEB87 /* Common */,
				738A689729430CD500B9FD0E /* Extension */,
				735607B22952B5CA0006E702 /* SearchResult */,
				738A688D294308C900B9FD0E /* Login */,
				738A688E294308D400B9FD0E /* Home */,
			);
			path = Presentation;
			sourceTree = "<group>";
		};
		738A689729430CD500B9FD0E /* Extension */ = {
			isa = PBXGroup;
			children = (
				738A689829430DD700B9FD0E /* UIColor + Extension.swift */,
				738A689529430CD000B9FD0E /* UIView + Extension.swift */,
			);
			path = Extension;
			sourceTree = "<group>";
		};
		738A68A72945DAF100B9FD0E /* Data */ = {
			isa = PBXGroup;
			children = (
				73AE032D294855ED003BEB87 /* Network */,
				738A68A82945DAFB00B9FD0E /* Repository */,
				73AE03422949A0A0003BEB87 /* Storage */,
				73AE03432949A0AD003BEB87 /* Service */,
			);
			path = Data;
			sourceTree = "<group>";
		};
		738A68A82945DAFB00B9FD0E /* Repository */ = {
			isa = PBXGroup;
			children = (
				7354C931294D74B600A835D0 /* Image */,
				7354C930294D74A300A835D0 /* Unsplash */,
				7354C925294AEA7F00A835D0 /* Repository.swift */,
				73064F282945DC4300CF6F2A /* RepositoryImpl.swift */,
			);
			path = Repository;
			sourceTree = "<group>";
		};
		73A2B7812942352C00C482E8 = {
			isa = PBXGroup;
			children = (
				73A2B78C2942352C00C482E8 /* myUnsplash */,
				73A2B78B2942352C00C482E8 /* Products */,
			);
			sourceTree = "<group>";
		};
		73A2B78B2942352C00C482E8 /* Products */ = {
			isa = PBXGroup;
			children = (
				73A2B78A2942352C00C482E8 /* myUnsplash.app */,
			);
			name = Products;
			sourceTree = "<group>";
		};
		73A2B78C2942352C00C482E8 /* myUnsplash */ = {
			isa = PBXGroup;
			children = (
				738A688B294308B400B9FD0E /* Application */,
				738A68A72945DAF100B9FD0E /* Data */,
				73064F2A2945DF6300CF6F2A /* Domain */,
				738A68922943094400B9FD0E /* Presentation */,
				738A68912943092900B9FD0E /* Resources */,
			);
			path = myUnsplash;
			sourceTree = "<group>";
		};
		73AE032529484D66003BEB87 /* Common */ = {
			isa = PBXGroup;
			children = (
				731FB10029474A1700B12815 /* Observable.swift */,
				735607AC295092F40006E702 /* SearchBarView.swift */,
			);
			path = Common;
			sourceTree = "<group>";
		};
		73AE032D294855ED003BEB87 /* Network */ = {
			isa = PBXGroup;
			children = (
				735607A7294FFFA90006E702 /* Error */,
				73AE03462949A181003BEB87 /* URLSessionProtocol.swift */,
				73AE033E294976D0003BEB87 /* NetworkTarget.swift */,
				73AE033029485628003BEB87 /* EndPoint.swift */,
				73AE032E294855FE003BEB87 /* HTTPMethod.swift */,
				73AE032629484D7F003BEB87 /* Account.swift */,
			);
			path = Network;
			sourceTree = "<group>";
		};
		73AE03382948668A003BEB87 /* Entities */ = {
			isa = PBXGroup;
			children = (
				73AE03392948669D003BEB87 /* Photo.swift */,
				73AE033C294866CF003BEB87 /* Photos.swift */,
			);
			path = Entities;
			sourceTree = "<group>";
		};
		73AE03422949A0A0003BEB87 /* Storage */ = {
			isa = PBXGroup;
			children = (
				738A68A92945DB0B00B9FD0E /* Storage.swift */,
			);
			path = Storage;
			sourceTree = "<group>";
		};
		73AE03432949A0AD003BEB87 /* Service */ = {
			isa = PBXGroup;
			children = (
				738A68AB2945DB2100B9FD0E /* Service.swift */,
			);
			path = Service;
			sourceTree = "<group>";
		};
/* End PBXGroup section */

/* Begin PBXNativeTarget section */
		73A2B7892942352C00C482E8 /* myUnsplash */ = {
			isa = PBXNativeTarget;
			buildConfigurationList = 73A2B79E2942352E00C482E8 /* Build configuration list for PBXNativeTarget "myUnsplash" */;
			buildPhases = (
				73A2B7862942352C00C482E8 /* Sources */,
				73A2B7872942352C00C482E8 /* Frameworks */,
				73A2B7882942352C00C482E8 /* Resources */,
			);
			buildRules = (
			);
			dependencies = (
			);
			name = myUnsplash;
			packageProductDependencies = (
				73A2B7AD294236A000C482E8 /* KakaoSDK */,
				738A689D2943189C00B9FD0E /* SnapKit */,
				73AE032B294851BF003BEB87 /* UnsplashPhotoPicker */,
			);
			productName = myUnsplash;
			productReference = 73A2B78A2942352C00C482E8 /* myUnsplash.app */;
			productType = "com.apple.product-type.application";
		};
/* End PBXNativeTarget section */

/* Begin PBXProject section */
		73A2B7822942352C00C482E8 /* Project object */ = {
			isa = PBXProject;
			attributes = {
				BuildIndependentTargetsInParallel = 1;
				LastSwiftUpdateCheck = 1410;
				LastUpgradeCheck = 1410;
				TargetAttributes = {
					73A2B7892942352C00C482E8 = {
						CreatedOnToolsVersion = 14.1;
					};
				};
			};
			buildConfigurationList = 73A2B7852942352C00C482E8 /* Build configuration list for PBXProject "myUnsplash" */;
			compatibilityVersion = "Xcode 14.0";
			developmentRegion = en;
			hasScannedForEncodings = 0;
			knownRegions = (
				en,
				Base,
			);
			mainGroup = 73A2B7812942352C00C482E8;
			packageReferences = (
				73A2B7AC294236A000C482E8 /* XCRemoteSwiftPackageReference "kakao-ios-sdk" */,
				738A689C2943189C00B9FD0E /* XCRemoteSwiftPackageReference "SnapKit" */,
				73AE032A294851BF003BEB87 /* XCRemoteSwiftPackageReference "unsplash-photopicker-ios" */,
			);
			productRefGroup = 73A2B78B2942352C00C482E8 /* Products */;
			projectDirPath = "";
			projectRoot = "";
			targets = (
				73A2B7892942352C00C482E8 /* myUnsplash */,
			);
		};
/* End PBXProject section */

/* Begin PBXResourcesBuildPhase section */
		73A2B7882942352C00C482E8 /* Resources */ = {
			isa = PBXResourcesBuildPhase;
			buildActionMask = 2147483647;
			files = (
				73A2B7B029423FC300C482E8 /* Assets.xcassets in Resources */,
				73A2B79A2942352E00C482E8 /* LaunchScreen.storyboard in Resources */,
			);
			runOnlyForDeploymentPostprocessing = 0;
		};
/* End PBXResourcesBuildPhase section */

/* Begin PBXSourcesBuildPhase section */
		73A2B7862942352C00C482E8 /* Sources */ = {
			isa = PBXSourcesBuildPhase;
			buildActionMask = 2147483647;
			files = (
				73AE03472949A181003BEB87 /* URLSessionProtocol.swift in Sources */,
				73AE033A2948669D003BEB87 /* Photo.swift in Sources */,
				73064F2C2945DF7900CF6F2A /* UseCase.swift in Sources */,
				7354C92F294B12B300A835D0 /* HomeViewModel.swift in Sources */,
				73AE032F294855FE003BEB87 /* HTTPMethod.swift in Sources */,
				73AE033129485628003BEB87 /* EndPoint.swift in Sources */,
				7354C928294AEFD400A835D0 /* UnsplashRepository.swift in Sources */,
				738A68AC2945DB2100B9FD0E /* Service.swift in Sources */,
				738A68AA2945DB0B00B9FD0E /* Storage.swift in Sources */,
				7354C926294AEA7F00A835D0 /* Repository.swift in Sources */,
				735607AD295092F40006E702 /* SearchBarView.swift in Sources */,
				731FB0FF294749BD00B12815 /* LoginViewModel.swift in Sources */,
				73AE032729484D7F003BEB87 /* Account.swift in Sources */,
				738A689929430DD700B9FD0E /* UIColor + Extension.swift in Sources */,
				738A68A0294320AC00B9FD0E /* BaseCoordinator.swift in Sources */,
				7354C92A294AF48A00A835D0 /* UnsplashUseCase.swift in Sources */,
				738A68A22943213D00B9FD0E /* LoginCoordinator.swift in Sources */,
				73AE033729486491003BEB87 /* HomeCollectionViewDataSource.swift in Sources */,
				738A6890294308F600B9FD0E /* LoginViewController.swift in Sources */,
				73064F292945DC4300CF6F2A /* RepositoryImpl.swift in Sources */,
				73AE032929484E07003BEB87 /* KeyChainError.swift in Sources */,
				7354C934294D74D000A835D0 /* ImageCacheManager.swift in Sources */,
				735607AB295014140006E702 /* ImageCacheManagerProtocol.swift in Sources */,
				738A68A42943233C00B9FD0E /* HomeCoordinator.swift in Sources */,
				73A2B7922942352C00C482E8 /* HomeViewController.swift in Sources */,
				73AE03332948568D003BEB87 /* NetworkError.swift in Sources */,
				73AE034B2949E1D0003BEB87 /* UnsplashRepositoryImpl.swift in Sources */,
				73AE033D294866CF003BEB87 /* Photos.swift in Sources */,
				731FB10129474A1700B12815 /* Observable.swift in Sources */,
				735607B12952B51F0006E702 /* SearchResultCoordinator.swift in Sources */,
				735607AF2952B4A90006E702 /* Navigator.swift in Sources */,
				738A68942943096200B9FD0E /* AppCoordinator.swift in Sources */,
				738A689629430CD000B9FD0E /* UIView + Extension.swift in Sources */,
				73A2B78E2942352C00C482E8 /* AppDelegate.swift in Sources */,
				73AE033529485ECA003BEB87 /* PhotoCell.swift in Sources */,
				73AE033F294976D1003BEB87 /* NetworkTarget.swift in Sources */,
				735607B42952B5E00006E702 /* SearchResultViewController.swift in Sources */,
				73A2B7902942352C00C482E8 /* SceneDelegate.swift in Sources */,
			);
			runOnlyForDeploymentPostprocessing = 0;
		};
/* End PBXSourcesBuildPhase section */

/* Begin PBXVariantGroup section */
		73A2B7982942352E00C482E8 /* LaunchScreen.storyboard */ = {
			isa = PBXVariantGroup;
			children = (
				73A2B7992942352E00C482E8 /* Base */,
			);
			name = LaunchScreen.storyboard;
			sourceTree = "<group>";
		};
/* End PBXVariantGroup section */

/* Begin XCBuildConfiguration section */
		73A2B79C2942352E00C482E8 /* Debug */ = {
			isa = XCBuildConfiguration;
			buildSettings = {
				ALWAYS_SEARCH_USER_PATHS = NO;
				CLANG_ANALYZER_NONNULL = YES;
				CLANG_ANALYZER_NUMBER_OBJECT_CONVERSION = YES_AGGRESSIVE;
				CLANG_CXX_LANGUAGE_STANDARD = "gnu++20";
				CLANG_ENABLE_MODULES = YES;
				CLANG_ENABLE_OBJC_ARC = YES;
				CLANG_ENABLE_OBJC_WEAK = YES;
				CLANG_WARN_BLOCK_CAPTURE_AUTORELEASING = YES;
				CLANG_WARN_BOOL_CONVERSION = YES;
				CLANG_WARN_COMMA = YES;
				CLANG_WARN_CONSTANT_CONVERSION = YES;
				CLANG_WARN_DEPRECATED_OBJC_IMPLEMENTATIONS = YES;
				CLANG_WARN_DIRECT_OBJC_ISA_USAGE = YES_ERROR;
				CLANG_WARN_DOCUMENTATION_COMMENTS = YES;
				CLANG_WARN_EMPTY_BODY = YES;
				CLANG_WARN_ENUM_CONVERSION = YES;
				CLANG_WARN_INFINITE_RECURSION = YES;
				CLANG_WARN_INT_CONVERSION = YES;
				CLANG_WARN_NON_LITERAL_NULL_CONVERSION = YES;
				CLANG_WARN_OBJC_IMPLICIT_RETAIN_SELF = YES;
				CLANG_WARN_OBJC_LITERAL_CONVERSION = YES;
				CLANG_WARN_OBJC_ROOT_CLASS = YES_ERROR;
				CLANG_WARN_QUOTED_INCLUDE_IN_FRAMEWORK_HEADER = YES;
				CLANG_WARN_RANGE_LOOP_ANALYSIS = YES;
				CLANG_WARN_STRICT_PROTOTYPES = YES;
				CLANG_WARN_SUSPICIOUS_MOVE = YES;
				CLANG_WARN_UNGUARDED_AVAILABILITY = YES_AGGRESSIVE;
				CLANG_WARN_UNREACHABLE_CODE = YES;
				CLANG_WARN__DUPLICATE_METHOD_MATCH = YES;
				COPY_PHASE_STRIP = NO;
				DEBUG_INFORMATION_FORMAT = dwarf;
				ENABLE_STRICT_OBJC_MSGSEND = YES;
				ENABLE_TESTABILITY = YES;
				GCC_C_LANGUAGE_STANDARD = gnu11;
				GCC_DYNAMIC_NO_PIC = NO;
				GCC_NO_COMMON_BLOCKS = YES;
				GCC_OPTIMIZATION_LEVEL = 0;
				GCC_PREPROCESSOR_DEFINITIONS = (
					"DEBUG=1",
					"$(inherited)",
				);
				GCC_WARN_64_TO_32_BIT_CONVERSION = YES;
				GCC_WARN_ABOUT_RETURN_TYPE = YES_ERROR;
				GCC_WARN_UNDECLARED_SELECTOR = YES;
				GCC_WARN_UNINITIALIZED_AUTOS = YES_AGGRESSIVE;
				GCC_WARN_UNUSED_FUNCTION = YES;
				GCC_WARN_UNUSED_VARIABLE = YES;
				IPHONEOS_DEPLOYMENT_TARGET = 16.1;
				MTL_ENABLE_DEBUG_INFO = INCLUDE_SOURCE;
				MTL_FAST_MATH = YES;
				ONLY_ACTIVE_ARCH = YES;
				SDKROOT = iphoneos;
				SWIFT_ACTIVE_COMPILATION_CONDITIONS = DEBUG;
				SWIFT_OPTIMIZATION_LEVEL = "-Onone";
			};
			name = Debug;
		};
		73A2B79D2942352E00C482E8 /* Release */ = {
			isa = XCBuildConfiguration;
			buildSettings = {
				ALWAYS_SEARCH_USER_PATHS = NO;
				CLANG_ANALYZER_NONNULL = YES;
				CLANG_ANALYZER_NUMBER_OBJECT_CONVERSION = YES_AGGRESSIVE;
				CLANG_CXX_LANGUAGE_STANDARD = "gnu++20";
				CLANG_ENABLE_MODULES = YES;
				CLANG_ENABLE_OBJC_ARC = YES;
				CLANG_ENABLE_OBJC_WEAK = YES;
				CLANG_WARN_BLOCK_CAPTURE_AUTORELEASING = YES;
				CLANG_WARN_BOOL_CONVERSION = YES;
				CLANG_WARN_COMMA = YES;
				CLANG_WARN_CONSTANT_CONVERSION = YES;
				CLANG_WARN_DEPRECATED_OBJC_IMPLEMENTATIONS = YES;
				CLANG_WARN_DIRECT_OBJC_ISA_USAGE = YES_ERROR;
				CLANG_WARN_DOCUMENTATION_COMMENTS = YES;
				CLANG_WARN_EMPTY_BODY = YES;
				CLANG_WARN_ENUM_CONVERSION = YES;
				CLANG_WARN_INFINITE_RECURSION = YES;
				CLANG_WARN_INT_CONVERSION = YES;
				CLANG_WARN_NON_LITERAL_NULL_CONVERSION = YES;
				CLANG_WARN_OBJC_IMPLICIT_RETAIN_SELF = YES;
				CLANG_WARN_OBJC_LITERAL_CONVERSION = YES;
				CLANG_WARN_OBJC_ROOT_CLASS = YES_ERROR;
				CLANG_WARN_QUOTED_INCLUDE_IN_FRAMEWORK_HEADER = YES;
				CLANG_WARN_RANGE_LOOP_ANALYSIS = YES;
				CLANG_WARN_STRICT_PROTOTYPES = YES;
				CLANG_WARN_SUSPICIOUS_MOVE = YES;
				CLANG_WARN_UNGUARDED_AVAILABILITY = YES_AGGRESSIVE;
				CLANG_WARN_UNREACHABLE_CODE = YES;
				CLANG_WARN__DUPLICATE_METHOD_MATCH = YES;
				COPY_PHASE_STRIP = NO;
				DEBUG_INFORMATION_FORMAT = "dwarf-with-dsym";
				ENABLE_NS_ASSERTIONS = NO;
				ENABLE_STRICT_OBJC_MSGSEND = YES;
				GCC_C_LANGUAGE_STANDARD = gnu11;
				GCC_NO_COMMON_BLOCKS = YES;
				GCC_WARN_64_TO_32_BIT_CONVERSION = YES;
				GCC_WARN_ABOUT_RETURN_TYPE = YES_ERROR;
				GCC_WARN_UNDECLARED_SELECTOR = YES;
				GCC_WARN_UNINITIALIZED_AUTOS = YES_AGGRESSIVE;
				GCC_WARN_UNUSED_FUNCTION = YES;
				GCC_WARN_UNUSED_VARIABLE = YES;
				IPHONEOS_DEPLOYMENT_TARGET = 16.1;
				MTL_ENABLE_DEBUG_INFO = NO;
				MTL_FAST_MATH = YES;
				SDKROOT = iphoneos;
				SWIFT_COMPILATION_MODE = wholemodule;
				SWIFT_OPTIMIZATION_LEVEL = "-O";
				VALIDATE_PRODUCT = YES;
			};
			name = Release;
		};
		73A2B79F2942352E00C482E8 /* Debug */ = {
			isa = XCBuildConfiguration;
			buildSettings = {
				ASSETCATALOG_COMPILER_APPICON_NAME = AppIcon;
				ASSETCATALOG_COMPILER_GLOBAL_ACCENT_COLOR_NAME = AccentColor;
				CODE_SIGN_STYLE = Automatic;
				CURRENT_PROJECT_VERSION = 1;
				DEVELOPMENT_TEAM = 6Y9V523M6R;
				GENERATE_INFOPLIST_FILE = YES;
				INFOPLIST_FILE = myUnsplash/Resources/Info.plist;
				INFOPLIST_KEY_UIApplicationSupportsIndirectInputEvents = YES;
				INFOPLIST_KEY_UILaunchStoryboardName = LaunchScreen;
				INFOPLIST_KEY_UISupportedInterfaceOrientations_iPad = "UIInterfaceOrientationPortrait UIInterfaceOrientationPortraitUpsideDown UIInterfaceOrientationLandscapeLeft UIInterfaceOrientationLandscapeRight";
				INFOPLIST_KEY_UISupportedInterfaceOrientations_iPhone = "UIInterfaceOrientationPortrait UIInterfaceOrientationLandscapeLeft UIInterfaceOrientationLandscapeRight";
				IPHONEOS_DEPLOYMENT_TARGET = 15.0;
				LD_RUNPATH_SEARCH_PATHS = (
					"$(inherited)",
					"@executable_path/Frameworks",
				);
				MARKETING_VERSION = 1.0;
				PRODUCT_BUNDLE_IDENTIFIER = com.jeee.myUnsplash;
				PRODUCT_NAME = "$(TARGET_NAME)";
				SWIFT_EMIT_LOC_STRINGS = YES;
				SWIFT_VERSION = 5.0;
				TARGETED_DEVICE_FAMILY = "1,2";
			};
			name = Debug;
		};
		73A2B7A02942352E00C482E8 /* Release */ = {
			isa = XCBuildConfiguration;
			buildSettings = {
				ASSETCATALOG_COMPILER_APPICON_NAME = AppIcon;
				ASSETCATALOG_COMPILER_GLOBAL_ACCENT_COLOR_NAME = AccentColor;
				CODE_SIGN_STYLE = Automatic;
				CURRENT_PROJECT_VERSION = 1;
				DEVELOPMENT_TEAM = 6Y9V523M6R;
				GENERATE_INFOPLIST_FILE = YES;
				INFOPLIST_FILE = myUnsplash/Resources/Info.plist;
				INFOPLIST_KEY_UIApplicationSupportsIndirectInputEvents = YES;
				INFOPLIST_KEY_UILaunchStoryboardName = LaunchScreen;
				INFOPLIST_KEY_UISupportedInterfaceOrientations_iPad = "UIInterfaceOrientationPortrait UIInterfaceOrientationPortraitUpsideDown UIInterfaceOrientationLandscapeLeft UIInterfaceOrientationLandscapeRight";
				INFOPLIST_KEY_UISupportedInterfaceOrientations_iPhone = "UIInterfaceOrientationPortrait UIInterfaceOrientationLandscapeLeft UIInterfaceOrientationLandscapeRight";
				IPHONEOS_DEPLOYMENT_TARGET = 15.0;
				LD_RUNPATH_SEARCH_PATHS = (
					"$(inherited)",
					"@executable_path/Frameworks",
				);
				MARKETING_VERSION = 1.0;
				PRODUCT_BUNDLE_IDENTIFIER = com.jeee.myUnsplash;
				PRODUCT_NAME = "$(TARGET_NAME)";
				SWIFT_EMIT_LOC_STRINGS = YES;
				SWIFT_VERSION = 5.0;
				TARGETED_DEVICE_FAMILY = "1,2";
			};
			name = Release;
		};
/* End XCBuildConfiguration section */

/* Begin XCConfigurationList section */
		73A2B7852942352C00C482E8 /* Build configuration list for PBXProject "myUnsplash" */ = {
			isa = XCConfigurationList;
			buildConfigurations = (
				73A2B79C2942352E00C482E8 /* Debug */,
				73A2B79D2942352E00C482E8 /* Release */,
			);
			defaultConfigurationIsVisible = 0;
			defaultConfigurationName = Release;
		};
		73A2B79E2942352E00C482E8 /* Build configuration list for PBXNativeTarget "myUnsplash" */ = {
			isa = XCConfigurationList;
			buildConfigurations = (
				73A2B79F2942352E00C482E8 /* Debug */,
				73A2B7A02942352E00C482E8 /* Release */,
			);
			defaultConfigurationIsVisible = 0;
			defaultConfigurationName = Release;
		};
/* End XCConfigurationList section */

/* Begin XCRemoteSwiftPackageReference section */
		738A689C2943189C00B9FD0E /* XCRemoteSwiftPackageReference "SnapKit" */ = {
			isa = XCRemoteSwiftPackageReference;
			repositoryURL = "https://github.com/SnapKit/SnapKit.git";
			requirement = {
				branch = develop;
				kind = branch;
			};
		};
		73A2B7AC294236A000C482E8 /* XCRemoteSwiftPackageReference "kakao-ios-sdk" */ = {
			isa = XCRemoteSwiftPackageReference;
			repositoryURL = "https://github.com/kakao/kakao-ios-sdk";
			requirement = {
				branch = master;
				kind = branch;
			};
		};
		73AE032A294851BF003BEB87 /* XCRemoteSwiftPackageReference "unsplash-photopicker-ios" */ = {
			isa = XCRemoteSwiftPackageReference;
			repositoryURL = "https://github.com/unsplash/unsplash-photopicker-ios.git";
			requirement = {
				branch = master;
				kind = branch;
			};
		};
/* End XCRemoteSwiftPackageReference section */

/* Begin XCSwiftPackageProductDependency section */
		738A689D2943189C00B9FD0E /* SnapKit */ = {
			isa = XCSwiftPackageProductDependency;
			package = 738A689C2943189C00B9FD0E /* XCRemoteSwiftPackageReference "SnapKit" */;
			productName = SnapKit;
		};
		73A2B7AD294236A000C482E8 /* KakaoSDK */ = {
			isa = XCSwiftPackageProductDependency;
			package = 73A2B7AC294236A000C482E8 /* XCRemoteSwiftPackageReference "kakao-ios-sdk" */;
			productName = KakaoSDK;
		};
		73AE032B294851BF003BEB87 /* UnsplashPhotoPicker */ = {
			isa = XCSwiftPackageProductDependency;
			package = 73AE032A294851BF003BEB87 /* XCRemoteSwiftPackageReference "unsplash-photopicker-ios" */;
			productName = UnsplashPhotoPicker;
		};
/* End XCSwiftPackageProductDependency section */
	};
	rootObject = 73A2B7822942352C00C482E8 /* Project object */;
}
